// !$*UTF8*$!
{
	archiveVersion = 1;
	classes = {
	};
	objectVersion = 46;
	objects = {

/* Begin PBXBuildFile section */
		6F44ED961EA6497D0081B510 /* ATLTestLibrary.m in Sources */ = {isa = PBXBuildFile; fileRef = 6F44ED951EA6497D0081B510 /* ATLTestLibrary.m */; };
		6F44ED971EA6497D0081B510 /* ATLTestLibrary.h in CopyFiles */ = {isa = PBXBuildFile; fileRef = 6F44ED941EA6497D0081B510 /* ATLTestLibrary.h */; };
		6F44EDAD1EA64C3B0081B510 /* ATLUtil.m in Sources */ = {isa = PBXBuildFile; fileRef = 6F44EDAC1EA64C3B0081B510 /* ATLUtil.m */; };
		6F44EDB01EA64DF20081B510 /* ATLUtilNetworking.m in Sources */ = {isa = PBXBuildFile; fileRef = 6F44EDAF1EA64DF20081B510 /* ATLUtilNetworking.m */; };
/* End PBXBuildFile section */

/* Begin PBXCopyFilesBuildPhase section */
		6F44ED8F1EA6497D0081B510 /* CopyFiles */ = {
			isa = PBXCopyFilesBuildPhase;
			buildActionMask = 2147483647;
			dstPath = "include/$(PRODUCT_NAME)";
			dstSubfolderSpec = 16;
			files = (
				6F44ED971EA6497D0081B510 /* ATLTestLibrary.h in CopyFiles */,
			);
			runOnlyForDeploymentPostprocessing = 0;
		};
/* End PBXCopyFilesBuildPhase section */

/* Begin PBXFileReference section */
		6F44ED911EA6497D0081B510 /* libAdjustTestLibrary.a */ = {isa = PBXFileReference; explicitFileType = archive.ar; includeInIndex = 0; path = libAdjustTestLibrary.a; sourceTree = BUILT_PRODUCTS_DIR; };
		6F44ED941EA6497D0081B510 /* ATLTestLibrary.h */ = {isa = PBXFileReference; lastKnownFileType = sourcecode.c.h; path = ATLTestLibrary.h; sourceTree = "<group>"; };
		6F44ED951EA6497D0081B510 /* ATLTestLibrary.m */ = {isa = PBXFileReference; lastKnownFileType = sourcecode.c.objc; path = ATLTestLibrary.m; sourceTree = "<group>"; };
		6F44EDAB1EA64C3B0081B510 /* ATLUtil.h */ = {isa = PBXFileReference; fileEncoding = 4; lastKnownFileType = sourcecode.c.h; path = ATLUtil.h; sourceTree = "<group>"; };
		6F44EDAC1EA64C3B0081B510 /* ATLUtil.m */ = {isa = PBXFileReference; fileEncoding = 4; lastKnownFileType = sourcecode.c.objc; path = ATLUtil.m; sourceTree = "<group>"; };
		6F44EDAE1EA64DF20081B510 /* ATLUtilNetworking.h */ = {isa = PBXFileReference; fileEncoding = 4; lastKnownFileType = sourcecode.c.h; path = ATLUtilNetworking.h; sourceTree = "<group>"; };
		6F44EDAF1EA64DF20081B510 /* ATLUtilNetworking.m */ = {isa = PBXFileReference; fileEncoding = 4; lastKnownFileType = sourcecode.c.objc; path = ATLUtilNetworking.m; sourceTree = "<group>"; };
		6F765FD41EA91145003463E6 /* ATLConstants.h */ = {isa = PBXFileReference; fileEncoding = 4; lastKnownFileType = sourcecode.c.h; path = ATLConstants.h; sourceTree = "<group>"; };
/* End PBXFileReference section */

/* Begin PBXFrameworksBuildPhase section */
		6F44ED8E1EA6497D0081B510 /* Frameworks */ = {
			isa = PBXFrameworksBuildPhase;
			buildActionMask = 2147483647;
			files = (
			);
			runOnlyForDeploymentPostprocessing = 0;
		};
/* End PBXFrameworksBuildPhase section */

/* Begin PBXGroup section */
		6F44ED881EA6497D0081B510 = {
			isa = PBXGroup;
			children = (
				6F44ED931EA6497D0081B510 /* AdjustTestLibrary */,
				6F44ED921EA6497D0081B510 /* Products */,
			);
			sourceTree = "<group>";
		};
		6F44ED921EA6497D0081B510 /* Products */ = {
			isa = PBXGroup;
			children = (
				6F44ED911EA6497D0081B510 /* libAdjustTestLibrary.a */,
			);
			name = Products;
			sourceTree = "<group>";
		};
		6F44ED931EA6497D0081B510 /* AdjustTestLibrary */ = {
			isa = PBXGroup;
			children = (
				6F44ED941EA6497D0081B510 /* ATLTestLibrary.h */,
				6F44ED951EA6497D0081B510 /* ATLTestLibrary.m */,
				6F44EDAB1EA64C3B0081B510 /* ATLUtil.h */,
				6F44EDAC1EA64C3B0081B510 /* ATLUtil.m */,
				6F44EDAE1EA64DF20081B510 /* ATLUtilNetworking.h */,
				6F44EDAF1EA64DF20081B510 /* ATLUtilNetworking.m */,
				6F765FD41EA91145003463E6 /* ATLConstants.h */,
			);
			path = AdjustTestLibrary;
			sourceTree = "<group>";
		};
/* End PBXGroup section */

/* Begin PBXNativeTarget section */
		6F44ED901EA6497D0081B510 /* AdjustTestLibrary */ = {
			isa = PBXNativeTarget;
			buildConfigurationList = 6F44ED9A1EA6497D0081B510 /* Build configuration list for PBXNativeTarget "AdjustTestLibrary" */;
			buildPhases = (
				6F44ED8D1EA6497D0081B510 /* Sources */,
				6F44ED8E1EA6497D0081B510 /* Frameworks */,
				6F44ED8F1EA6497D0081B510 /* CopyFiles */,
			);
			buildRules = (
			);
			dependencies = (
			);
			name = AdjustTestLibrary;
			productName = AdjustTestLibrary;
			productReference = 6F44ED911EA6497D0081B510 /* libAdjustTestLibrary.a */;
			productType = "com.apple.product-type.library.static";
		};
/* End PBXNativeTarget section */

/* Begin PBXProject section */
		6F44ED891EA6497D0081B510 /* Project object */ = {
			isa = PBXProject;
			attributes = {
				LastUpgradeCheck = 0830;
				ORGANIZATIONNAME = adjust;
				TargetAttributes = {
					6F44ED901EA6497D0081B510 = {
						CreatedOnToolsVersion = 8.3.1;
						DevelopmentTeam = QGUGW9AUMK;
						ProvisioningStyle = Automatic;
					};
				};
			};
			buildConfigurationList = 6F44ED8C1EA6497D0081B510 /* Build configuration list for PBXProject "AdjustTestLibrary" */;
			compatibilityVersion = "Xcode 3.2";
			developmentRegion = English;
			hasScannedForEncodings = 0;
			knownRegions = (
				en,
			);
			mainGroup = 6F44ED881EA6497D0081B510;
			productRefGroup = 6F44ED921EA6497D0081B510 /* Products */;
			projectDirPath = "";
			projectRoot = "";
			targets = (
				6F44ED901EA6497D0081B510 /* AdjustTestLibrary */,
			);
		};
/* End PBXProject section */

/* Begin PBXSourcesBuildPhase section */
		6F44ED8D1EA6497D0081B510 /* Sources */ = {
			isa = PBXSourcesBuildPhase;
			buildActionMask = 2147483647;
			files = (
				6F44ED961EA6497D0081B510 /* ATLTestLibrary.m in Sources */,
				6F44EDAD1EA64C3B0081B510 /* ATLUtil.m in Sources */,
				6F44EDB01EA64DF20081B510 /* ATLUtilNetworking.m in Sources */,
			);
			runOnlyForDeploymentPostprocessing = 0;
		};
/* End PBXSourcesBuildPhase section */

/* Begin XCBuildConfiguration section */
		6F44ED981EA6497D0081B510 /* Debug */ = {
			isa = XCBuildConfiguration;
			buildSettings = {
				ALWAYS_SEARCH_USER_PATHS = NO;
				CLANG_ANALYZER_NONNULL = YES;
				CLANG_ANALYZER_NUMBER_OBJECT_CONVERSION = YES_AGGRESSIVE;
				CLANG_CXX_LANGUAGE_STANDARD = "gnu++0x";
				CLANG_CXX_LIBRARY = "libc++";
				CLANG_ENABLE_MODULES = YES;
				CLANG_ENABLE_OBJC_ARC = YES;
				CLANG_WARN_BOOL_CONVERSION = YES;
				CLANG_WARN_CONSTANT_CONVERSION = YES;
				CLANG_WARN_DIRECT_OBJC_ISA_USAGE = YES_ERROR;
				CLANG_WARN_DOCUMENTATION_COMMENTS = YES;
				CLANG_WARN_EMPTY_BODY = YES;
				CLANG_WARN_ENUM_CONVERSION = YES;
				CLANG_WARN_INFINITE_RECURSION = YES;
				CLANG_WARN_INT_CONVERSION = YES;
				CLANG_WARN_OBJC_ROOT_CLASS = YES_ERROR;
				CLANG_WARN_SUSPICIOUS_MOVE = YES;
				CLANG_WARN_UNREACHABLE_CODE = YES;
				CLANG_WARN__DUPLICATE_METHOD_MATCH = YES;
				"CODE_SIGN_IDENTITY[sdk=iphoneos*]" = "iPhone Developer";
				COPY_PHASE_STRIP = NO;
				DEBUG_INFORMATION_FORMAT = dwarf;
				ENABLE_STRICT_OBJC_MSGSEND = YES;
				ENABLE_TESTABILITY = YES;
				GCC_C_LANGUAGE_STANDARD = gnu99;
				GCC_DYNAMIC_NO_PIC = NO;
				GCC_NO_COMMON_BLOCKS = YES;
				GCC_OPTIMIZATION_LEVEL = 0;
				GCC_PREPROCESSOR_DEFINITIONS = (
					"DEBUG=1",
					"$(inherited)",
				);
				GCC_WARN_64_TO_32_BIT_CONVERSION = YES;
				GCC_WARN_ABOUT_RETURN_TYPE = YES_ERROR;
				GCC_WARN_UNDECLARED_SELECTOR = YES;
				GCC_WARN_UNINITIALIZED_AUTOS = YES_AGGRESSIVE;
				GCC_WARN_UNUSED_FUNCTION = YES;
				GCC_WARN_UNUSED_VARIABLE = YES;
				IPHONEOS_DEPLOYMENT_TARGET = 10.3;
				MTL_ENABLE_DEBUG_INFO = YES;
				ONLY_ACTIVE_ARCH = YES;
				SDKROOT = iphoneos;
			};
			name = Debug;
		};
		6F44ED991EA6497D0081B510 /* Release */ = {
			isa = XCBuildConfiguration;
			buildSettings = {
				ALWAYS_SEARCH_USER_PATHS = NO;
				CLANG_ANALYZER_NONNULL = YES;
				CLANG_ANALYZER_NUMBER_OBJECT_CONVERSION = YES_AGGRESSIVE;
				CLANG_CXX_LANGUAGE_STANDARD = "gnu++0x";
				CLANG_CXX_LIBRARY = "libc++";
				CLANG_ENABLE_MODULES = YES;
				CLANG_ENABLE_OBJC_ARC = YES;
				CLANG_WARN_BOOL_CONVERSION = YES;
				CLANG_WARN_CONSTANT_CONVERSION = YES;
				CLANG_WARN_DIRECT_OBJC_ISA_USAGE = YES_ERROR;
				CLANG_WARN_DOCUMENTATION_COMMENTS = YES;
				CLANG_WARN_EMPTY_BODY = YES;
				CLANG_WARN_ENUM_CONVERSION = YES;
				CLANG_WARN_INFINITE_RECURSION = YES;
				CLANG_WARN_INT_CONVERSION = YES;
				CLANG_WARN_OBJC_ROOT_CLASS = YES_ERROR;
				CLANG_WARN_SUSPICIOUS_MOVE = YES;
				CLANG_WARN_UNREACHABLE_CODE = YES;
				CLANG_WARN__DUPLICATE_METHOD_MATCH = YES;
				"CODE_SIGN_IDENTITY[sdk=iphoneos*]" = "iPhone Developer";
				COPY_PHASE_STRIP = NO;
				DEBUG_INFORMATION_FORMAT = "dwarf-with-dsym";
				ENABLE_NS_ASSERTIONS = NO;
				ENABLE_STRICT_OBJC_MSGSEND = YES;
				GCC_C_LANGUAGE_STANDARD = gnu99;
				GCC_NO_COMMON_BLOCKS = YES;
				GCC_WARN_64_TO_32_BIT_CONVERSION = YES;
				GCC_WARN_ABOUT_RETURN_TYPE = YES_ERROR;
				GCC_WARN_UNDECLARED_SELECTOR = YES;
				GCC_WARN_UNINITIALIZED_AUTOS = YES_AGGRESSIVE;
				GCC_WARN_UNUSED_FUNCTION = YES;
				GCC_WARN_UNUSED_VARIABLE = YES;
				IPHONEOS_DEPLOYMENT_TARGET = 10.3;
				MTL_ENABLE_DEBUG_INFO = NO;
				SDKROOT = iphoneos;
				VALIDATE_PRODUCT = YES;
			};
			name = Release;
		};
		6F44ED9B1EA6497D0081B510 /* Debug */ = {
			isa = XCBuildConfiguration;
			buildSettings = {
				DEVELOPMENT_TEAM = QGUGW9AUMK;
				OTHER_LDFLAGS = "-ObjC";
				PRODUCT_NAME = "$(TARGET_NAME)";
				SKIP_INSTALL = YES;
			};
			name = Debug;
		};
		6F44ED9C1EA6497D0081B510 /* Release */ = {
			isa = XCBuildConfiguration;
			buildSettings = {
				DEVELOPMENT_TEAM = QGUGW9AUMK;
				OTHER_LDFLAGS = "-ObjC";
				PRODUCT_NAME = "$(TARGET_NAME)";
				SKIP_INSTALL = YES;
			};
			name = Release;
		};
/* End XCBuildConfiguration section */

/* Begin XCConfigurationList section */
		6F44ED8C1EA6497D0081B510 /* Build configuration list for PBXProject "AdjustTestLibrary" */ = {
			isa = XCConfigurationList;
			buildConfigurations = (
				6F44ED981EA6497D0081B510 /* Debug */,
				6F44ED991EA6497D0081B510 /* Release */,
			);
			defaultConfigurationIsVisible = 0;
			defaultConfigurationName = Release;
		};
		6F44ED9A1EA6497D0081B510 /* Build configuration list for PBXNativeTarget "AdjustTestLibrary" */ = {
			isa = XCConfigurationList;
			buildConfigurations = (
				6F44ED9B1EA6497D0081B510 /* Debug */,
				6F44ED9C1EA6497D0081B510 /* Release */,
			);
			defaultConfigurationIsVisible = 0;
			defaultConfigurationName = Release;
		};
/* End XCConfigurationList section */
	};
	rootObject = 6F44ED891EA6497D0081B510 /* Project object */;
}
